
Microsoft Visual Studio Solution File, Format Version 12.00
# Visual Studio 14
VisualStudioVersion = 14.0.25420.1
MinimumVisualStudioVersion = 10.0.40219.1
Project("{8BC9CEB8-8B4A-11D0-8D11-00A0C91BC942}") = "vc1x-protean", "vc1x\vc1x-protean.vcxproj", "{AA074FA4-0F64-4EE6-9397-4EB25B17F4AF}"
EndProject
Project("{8BC9CEB8-8B4A-11D0-8D11-00A0C91BC942}") = "vc1x-test-protean", "vc1x\vc1x-test-protean.vcxproj", "{41BDA0CB-3049-41E1-9F75-3D915B71EF5B}"
EndProject
Global
	GlobalSection(SolutionConfigurationPlatforms) = preSolution
		vc100 Debug|Any CPU = vc100 Debug|Any CPU
		vc100 Debug|Win32 = vc100 Debug|Win32
		vc100 Debug|x64 = vc100 Debug|x64
		vc100 Release|Any CPU = vc100 Release|Any CPU
		vc100 Release|Win32 = vc100 Release|Win32
		vc100 Release|x64 = vc100 Release|x64
		vc100 Static Debug|Any CPU = vc100 Static Debug|Any CPU
		vc100 Static Debug|Win32 = vc100 Static Debug|Win32
		vc100 Static Debug|x64 = vc100 Static Debug|x64
		vc100 Static Release|Any CPU = vc100 Static Release|Any CPU
		vc100 Static Release|Win32 = vc100 Static Release|Win32
		vc100 Static Release|x64 = vc100 Static Release|x64
		vc110 Debug|Any CPU = vc110 Debug|Any CPU
		vc110 Debug|Win32 = vc110 Debug|Win32
		vc110 Debug|x64 = vc110 Debug|x64
		vc110 Release|Any CPU = vc110 Release|Any CPU
		vc110 Release|Win32 = vc110 Release|Win32
		vc110 Release|x64 = vc110 Release|x64
		vc110 Static Debug|Any CPU = vc110 Static Debug|Any CPU
		vc110 Static Debug|Win32 = vc110 Static Debug|Win32
		vc110 Static Debug|x64 = vc110 Static Debug|x64
		vc110 Static Release|Any CPU = vc110 Static Release|Any CPU
		vc110 Static Release|Win32 = vc110 Static Release|Win32
		vc110 Static Release|x64 = vc110 Static Release|x64
		vc120 Debug|Any CPU = vc120 Debug|Any CPU
		vc120 Debug|Win32 = vc120 Debug|Win32
		vc120 Debug|x64 = vc120 Debug|x64
		vc120 Release|Any CPU = vc120 Release|Any CPU
		vc120 Release|Win32 = vc120 Release|Win32
		vc120 Release|x64 = vc120 Release|x64
		vc120 Static Debug|Any CPU = vc120 Static Debug|Any CPU
		vc120 Static Debug|Win32 = vc120 Static Debug|Win32
		vc120 Static Debug|x64 = vc120 Static Debug|x64
		vc120 Static Release|Any CPU = vc120 Static Release|Any CPU
		vc120 Static Release|Win32 = vc120 Static Release|Win32
		vc120 Static Release|x64 = vc120 Static Release|x64
	EndGlobalSection
	GlobalSection(ProjectConfigurationPlatforms) = postSolution
		{AA074FA4-0F64-4EE6-9397-4EB25B17F4AF}.vc100 Debug|Any CPU.ActiveCfg = vc100 Debug|Win32
		{AA074FA4-0F64-4EE6-9397-4EB25B17F4AF}.vc100 Debug|Win32.ActiveCfg = vc100 Debug|Win32
		{AA074FA4-0F64-4EE6-9397-4EB25B17F4AF}.vc100 Debug|Win32.Build.0 = vc100 Debug|Win32
		{AA074FA4-0F64-4EE6-9397-4EB25B17F4AF}.vc100 Debug|x64.ActiveCfg = vc100 Debug|x64
		{AA074FA4-0F64-4EE6-9397-4EB25B17F4AF}.vc100 Debug|x64.Build.0 = vc100 Debug|x64
		{AA074FA4-0F64-4EE6-9397-4EB25B17F4AF}.vc100 Release|Any CPU.ActiveCfg = vc100 Release|Win32
		{AA074FA4-0F64-4EE6-9397-4EB25B17F4AF}.vc100 Release|Win32.ActiveCfg = vc100 Release|Win32
		{AA074FA4-0F64-4EE6-9397-4EB25B17F4AF}.vc100 Release|Win32.Build.0 = vc100 Release|Win32
		{AA074FA4-0F64-4EE6-9397-4EB25B17F4AF}.vc100 Release|x64.ActiveCfg = vc100 Release|x64
		{AA074FA4-0F64-4EE6-9397-4EB25B17F4AF}.vc100 Release|x64.Build.0 = vc100 Release|x64
		{AA074FA4-0F64-4EE6-9397-4EB25B17F4AF}.vc100 Static Debug|Any CPU.ActiveCfg = vc100 Static Debug|Win32
		{AA074FA4-0F64-4EE6-9397-4EB25B17F4AF}.vc100 Static Debug|Win32.ActiveCfg = vc100 Static Debug|Win32
		{AA074FA4-0F64-4EE6-9397-4EB25B17F4AF}.vc100 Static Debug|Win32.Build.0 = vc100 Static Debug|Win32
		{AA074FA4-0F64-4EE6-9397-4EB25B17F4AF}.vc100 Static Debug|x64.ActiveCfg = vc100 Static Debug|x64
		{AA074FA4-0F64-4EE6-9397-4EB25B17F4AF}.vc100 Static Debug|x64.Build.0 = vc100 Static Debug|x64
		{AA074FA4-0F64-4EE6-9397-4EB25B17F4AF}.vc100 Static Release|Any CPU.ActiveCfg = vc100 Static Release|Win32
		{AA074FA4-0F64-4EE6-9397-4EB25B17F4AF}.vc100 Static Release|Win32.ActiveCfg = vc100 Static Release|Win32
		{AA074FA4-0F64-4EE6-9397-4EB25B17F4AF}.vc100 Static Release|Win32.Build.0 = vc100 Static Release|Win32
		{AA074FA4-0F64-4EE6-9397-4EB25B17F4AF}.vc100 Static Release|x64.ActiveCfg = vc100 Static Release|x64
		{AA074FA4-0F64-4EE6-9397-4EB25B17F4AF}.vc100 Static Release|x64.Build.0 = vc100 Static Release|x64
		{AA074FA4-0F64-4EE6-9397-4EB25B17F4AF}.vc110 Debug|Any CPU.ActiveCfg = vc110 Debug|Win32
		{AA074FA4-0F64-4EE6-9397-4EB25B17F4AF}.vc110 Debug|Win32.ActiveCfg = vc110 Debug|Win32
		{AA074FA4-0F64-4EE6-9397-4EB25B17F4AF}.vc110 Debug|Win32.Build.0 = vc110 Debug|Win32
		{AA074FA4-0F64-4EE6-9397-4EB25B17F4AF}.vc110 Debug|x64.ActiveCfg = vc110 Debug|x64
		{AA074FA4-0F64-4EE6-9397-4EB25B17F4AF}.vc110 Debug|x64.Build.0 = vc110 Debug|x64
		{AA074FA4-0F64-4EE6-9397-4EB25B17F4AF}.vc110 Release|Any CPU.ActiveCfg = vc110 Release|Win32
		{AA074FA4-0F64-4EE6-9397-4EB25B17F4AF}.vc110 Release|Win32.ActiveCfg = vc110 Release|Win32
		{AA074FA4-0F64-4EE6-9397-4EB25B17F4AF}.vc110 Release|Win32.Build.0 = vc110 Release|Win32
		{AA074FA4-0F64-4EE6-9397-4EB25B17F4AF}.vc110 Release|x64.ActiveCfg = vc110 Release|x64
		{AA074FA4-0F64-4EE6-9397-4EB25B17F4AF}.vc110 Release|x64.Build.0 = vc110 Release|x64
		{AA074FA4-0F64-4EE6-9397-4EB25B17F4AF}.vc110 Static Debug|Any CPU.ActiveCfg = vc110 Static Debug|Win32
		{AA074FA4-0F64-4EE6-9397-4EB25B17F4AF}.vc110 Static Debug|Win32.ActiveCfg = vc110 Static Debug|Win32
		{AA074FA4-0F64-4EE6-9397-4EB25B17F4AF}.vc110 Static Debug|Win32.Build.0 = vc110 Static Debug|Win32
		{AA074FA4-0F64-4EE6-9397-4EB25B17F4AF}.vc110 Static Debug|x64.ActiveCfg = vc110 Static Debug|x64
		{AA074FA4-0F64-4EE6-9397-4EB25B17F4AF}.vc110 Static Debug|x64.Build.0 = vc110 Static Debug|x64
		{AA074FA4-0F64-4EE6-9397-4EB25B17F4AF}.vc110 Static Release|Any CPU.ActiveCfg = vc110 Static Release|Win32
		{AA074FA4-0F64-4EE6-9397-4EB25B17F4AF}.vc110 Static Release|Win32.ActiveCfg = vc110 Static Release|Win32
		{AA074FA4-0F64-4EE6-9397-4EB25B17F4AF}.vc110 Static Release|Win32.Build.0 = vc110 Static Release|Win32
		{AA074FA4-0F64-4EE6-9397-4EB25B17F4AF}.vc110 Static Release|x64.ActiveCfg = vc110 Static Release|x64
		{AA074FA4-0F64-4EE6-9397-4EB25B17F4AF}.vc110 Static Release|x64.Build.0 = vc110 Static Release|x64
		{AA074FA4-0F64-4EE6-9397-4EB25B17F4AF}.vc120 Debug|Any CPU.ActiveCfg = vc120 Debug|Win32
		{AA074FA4-0F64-4EE6-9397-4EB25B17F4AF}.vc120 Debug|Win32.ActiveCfg = vc120 Debug|Win32
		{AA074FA4-0F64-4EE6-9397-4EB25B17F4AF}.vc120 Debug|Win32.Build.0 = vc120 Debug|Win32
		{AA074FA4-0F64-4EE6-9397-4EB25B17F4AF}.vc120 Debug|x64.ActiveCfg = vc120 Debug|x64
		{AA074FA4-0F64-4EE6-9397-4EB25B17F4AF}.vc120 Debug|x64.Build.0 = vc120 Debug|x64
		{AA074FA4-0F64-4EE6-9397-4EB25B17F4AF}.vc120 Release|Any CPU.ActiveCfg = vc120 Release|Win32
		{AA074FA4-0F64-4EE6-9397-4EB25B17F4AF}.vc120 Release|Win32.ActiveCfg = vc120 Release|Win32
		{AA074FA4-0F64-4EE6-9397-4EB25B17F4AF}.vc120 Release|Win32.Build.0 = vc120 Release|Win32
		{AA074FA4-0F64-4EE6-9397-4EB25B17F4AF}.vc120 Release|x64.ActiveCfg = vc120 Release|x64
		{AA074FA4-0F64-4EE6-9397-4EB25B17F4AF}.vc120 Release|x64.Build.0 = vc120 Release|x64
		{AA074FA4-0F64-4EE6-9397-4EB25B17F4AF}.vc120 Static Debug|Any CPU.ActiveCfg = vc120 Static Debug|Win32
		{AA074FA4-0F64-4EE6-9397-4EB25B17F4AF}.vc120 Static Debug|Win32.ActiveCfg = vc120 Static Debug|Win32
		{AA074FA4-0F64-4EE6-9397-4EB25B17F4AF}.vc120 Static Debug|Win32.Build.0 = vc120 Static Debug|Win32
		{AA074FA4-0F64-4EE6-9397-4EB25B17F4AF}.vc120 Static Debug|x64.ActiveCfg = vc120 Static Debug|x64
		{AA074FA4-0F64-4EE6-9397-4EB25B17F4AF}.vc120 Static Debug|x64.Build.0 = vc120 Static Debug|x64
		{AA074FA4-0F64-4EE6-9397-4EB25B17F4AF}.vc120 Static Release|Any CPU.ActiveCfg = vc120 Static Release|Win32
		{AA074FA4-0F64-4EE6-9397-4EB25B17F4AF}.vc120 Static Release|Win32.ActiveCfg = vc120 Static Release|Win32
		{AA074FA4-0F64-4EE6-9397-4EB25B17F4AF}.vc120 Static Release|Win32.Build.0 = vc120 Static Release|Win32
		{AA074FA4-0F64-4EE6-9397-4EB25B17F4AF}.vc120 Static Release|x64.ActiveCfg = vc120 Static Release|x64
		{AA074FA4-0F64-4EE6-9397-4EB25B17F4AF}.vc120 Static Release|x64.Build.0 = vc120 Static Release|x64
		{41BDA0CB-3049-41E1-9F75-3D915B71EF5B}.vc100 Debug|Any CPU.ActiveCfg = vc100 Debug|Win32
		{41BDA0CB-3049-41E1-9F75-3D915B71EF5B}.vc100 Debug|Win32.ActiveCfg = vc100 Debug|Win32
		{41BDA0CB-3049-41E1-9F75-3D915B71EF5B}.vc100 Debug|Win32.Build.0 = vc100 Debug|Win32
		{41BDA0CB-3049-41E1-9F75-3D915B71EF5B}.vc100 Debug|x64.ActiveCfg = vc100 Debug|x64
		{41BDA0CB-3049-41E1-9F75-3D915B71EF5B}.vc100 Debug|x64.Build.0 = vc100 Debug|x64
		{41BDA0CB-3049-41E1-9F75-3D915B71EF5B}.vc100 Release|Any CPU.ActiveCfg = vc100 Release|Win32
		{41BDA0CB-3049-41E1-9F75-3D915B71EF5B}.vc100 Release|Win32.ActiveCfg = vc100 Release|Win32
		{41BDA0CB-3049-41E1-9F75-3D915B71EF5B}.vc100 Release|Win32.Build.0 = vc100 Release|Win32
		{41BDA0CB-3049-41E1-9F75-3D915B71EF5B}.vc100 Release|x64.ActiveCfg = vc100 Release|x64
		{41BDA0CB-3049-41E1-9F75-3D915B71EF5B}.vc100 Release|x64.Build.0 = vc100 Release|x64
		{41BDA0CB-3049-41E1-9F75-3D915B71EF5B}.vc100 Static Debug|Any CPU.ActiveCfg = vc100 Static Debug|Win32
		{41BDA0CB-3049-41E1-9F75-3D915B71EF5B}.vc100 Static Debug|Win32.ActiveCfg = vc100 Static Debug|Win32
		{41BDA0CB-3049-41E1-9F75-3D915B71EF5B}.vc100 Static Debug|Win32.Build.0 = vc100 Static Debug|Win32
		{41BDA0CB-3049-41E1-9F75-3D915B71EF5B}.vc100 Static Debug|x64.ActiveCfg = vc100 Static Debug|x64
		{41BDA0CB-3049-41E1-9F75-3D915B71EF5B}.vc100 Static Debug|x64.Build.0 = vc100 Static Debug|x64
		{41BDA0CB-3049-41E1-9F75-3D915B71EF5B}.vc100 Static Release|Any CPU.ActiveCfg = vc100 Static Release|Win32
		{41BDA0CB-3049-41E1-9F75-3D915B71EF5B}.vc100 Static Release|Win32.ActiveCfg = vc100 Static Release|Win32
		{41BDA0CB-3049-41E1-9F75-3D915B71EF5B}.vc100 Static Release|Win32.Build.0 = vc100 Static Release|Win32
		{41BDA0CB-3049-41E1-9F75-3D915B71EF5B}.vc100 Static Release|x64.ActiveCfg = vc100 Static Release|x64
		{41BDA0CB-3049-41E1-9F75-3D915B71EF5B}.vc100 Static Release|x64.Build.0 = vc100 Static Release|x64
		{41BDA0CB-3049-41E1-9F75-3D915B71EF5B}.vc110 Debug|Any CPU.ActiveCfg = vc110 Debug|Win32
		{41BDA0CB-3049-41E1-9F75-3D915B71EF5B}.vc110 Debug|Win32.ActiveCfg = vc110 Debug|Win32
		{41BDA0CB-3049-41E1-9F75-3D915B71EF5B}.vc110 Debug|Win32.Build.0 = vc110 Debug|Win32
		{41BDA0CB-3049-41E1-9F75-3D915B71EF5B}.vc110 Debug|x64.ActiveCfg = vc110 Debug|x64
		{41BDA0CB-3049-41E1-9F75-3D915B71EF5B}.vc110 Debug|x64.Build.0 = vc110 Debug|x64
		{41BDA0CB-3049-41E1-9F75-3D915B71EF5B}.vc110 Release|Any CPU.ActiveCfg = vc110 Release|Win32
		{41BDA0CB-3049-41E1-9F75-3D915B71EF5B}.vc110 Release|Win32.ActiveCfg = vc110 Release|Win32
		{41BDA0CB-3049-41E1-9F75-3D915B71EF5B}.vc110 Release|Win32.Build.0 = vc110 Release|Win32
		{41BDA0CB-3049-41E1-9F75-3D915B71EF5B}.vc110 Release|x64.ActiveCfg = vc110 Release|x64
		{41BDA0CB-3049-41E1-9F75-3D915B71EF5B}.vc110 Release|x64.Build.0 = vc110 Release|x64
		{41BDA0CB-3049-41E1-9F75-3D915B71EF5B}.vc110 Static Debug|Any CPU.ActiveCfg = vc110 Static Debug|Win32
		{41BDA0CB-3049-41E1-9F75-3D915B71EF5B}.vc110 Static Debug|Win32.ActiveCfg = vc110 Static Debug|Win32
		{41BDA0CB-3049-41E1-9F75-3D915B71EF5B}.vc110 Static Debug|Win32.Build.0 = vc110 Static Debug|Win32
		{41BDA0CB-3049-41E1-9F75-3D915B71EF5B}.vc110 Static Debug|x64.ActiveCfg = vc110 Static Debug|x64
		{41BDA0CB-3049-41E1-9F75-3D915B71EF5B}.vc110 Static Debug|x64.Build.0 = vc110 Static Debug|x64
		{41BDA0CB-3049-41E1-9F75-3D915B71EF5B}.vc110 Static Release|Any CPU.ActiveCfg = vc110 Static Release|Win32
		{41BDA0CB-3049-41E1-9F75-3D915B71EF5B}.vc110 Static Release|Win32.ActiveCfg = vc110 Static Release|Win32
		{41BDA0CB-3049-41E1-9F75-3D915B71EF5B}.vc110 Static Release|Win32.Build.0 = vc110 Static Release|Win32
		{41BDA0CB-3049-41E1-9F75-3D915B71EF5B}.vc110 Static Release|x64.ActiveCfg = vc110 Static Release|x64
		{41BDA0CB-3049-41E1-9F75-3D915B71EF5B}.vc110 Static Release|x64.Build.0 = vc110 Static Release|x64
		{41BDA0CB-3049-41E1-9F75-3D915B71EF5B}.vc120 Debug|Any CPU.ActiveCfg = vc120 Debug|Win32
		{41BDA0CB-3049-41E1-9F75-3D915B71EF5B}.vc120 Debug|Win32.ActiveCfg = vc120 Debug|Win32
		{41BDA0CB-3049-41E1-9F75-3D915B71EF5B}.vc120 Debug|Win32.Build.0 = vc120 Debug|Win32
		{41BDA0CB-3049-41E1-9F75-3D915B71EF5B}.vc120 Debug|x64.ActiveCfg = vc120 Debug|x64
		{41BDA0CB-3049-41E1-9F75-3D915B71EF5B}.vc120 Debug|x64.Build.0 = vc120 Debug|x64
		{41BDA0CB-3049-41E1-9F75-3D915B71EF5B}.vc120 Release|Any CPU.ActiveCfg = vc120 Release|Win32
		{41BDA0CB-3049-41E1-9F75-3D915B71EF5B}.vc120 Release|Win32.ActiveCfg = vc120 Release|Win32
		{41BDA0CB-3049-41E1-9F75-3D915B71EF5B}.vc120 Release|Win32.Build.0 = vc120 Release|Win32
		{41BDA0CB-3049-41E1-9F75-3D915B71EF5B}.vc120 Release|x64.ActiveCfg = vc120 Release|x64
		{41BDA0CB-3049-41E1-9F75-3D915B71EF5B}.vc120 Release|x64.Build.0 = vc120 Release|x64
		{41BDA0CB-3049-41E1-9F75-3D915B71EF5B}.vc120 Static Debug|Any CPU.ActiveCfg = vc120 Static Debug|Win32
		{41BDA0CB-3049-41E1-9F75-3D915B71EF5B}.vc120 Static Debug|Win32.ActiveCfg = vc120 Static Debug|Win32
		{41BDA0CB-3049-41E1-9F75-3D915B71EF5B}.vc120 Static Debug|Win32.Build.0 = vc120 Static Debug|Win32
		{41BDA0CB-3049-41E1-9F75-3D915B71EF5B}.vc120 Static Debug|x64.ActiveCfg = vc120 Static Debug|x64
		{41BDA0CB-3049-41E1-9F75-3D915B71EF5B}.vc120 Static Debug|x64.Build.0 = vc120 Static Debug|x64
		{41BDA0CB-3049-41E1-9F75-3D915B71EF5B}.vc120 Static Release|Any CPU.ActiveCfg = vc120 Static Release|Win32
		{41BDA0CB-3049-41E1-9F75-3D915B71EF5B}.vc120 Static Release|Win32.ActiveCfg = vc120 Static Release|Win32
		{41BDA0CB-3049-41E1-9F75-3D915B71EF5B}.vc120 Static Release|Win32.Build.0 = vc120 Static Release|Win32
		{41BDA0CB-3049-41E1-9F75-3D915B71EF5B}.vc120 Static Release|x64.ActiveCfg = vc120 Static Release|x64
		{41BDA0CB-3049-41E1-9F75-3D915B71EF5B}.vc120 Static Release|x64.Build.0 = vc120 Static Release|x64
	EndGlobalSection
	GlobalSection(SolutionProperties) = preSolution
		HideSolutionNode = FALSE
	EndGlobalSection
EndGlobal
