
Microsoft Visual Studio Solution File, Format Version 12.00
# Visual Studio 15
VisualStudioVersion = 15.0.26730.12
MinimumVisualStudioVersion = 10.0.40219.1
Project("{8BC9CEB8-8B4A-11D0-8D11-00A0C91BC942}") = "vc1x-protean", "vc1x\vc1x-protean.vcxproj", "{AA074FA4-0F64-4EE6-9397-4EB25B17F4AF}"
EndProject
Project("{8BC9CEB8-8B4A-11D0-8D11-00A0C91BC942}") = "vc1x-test-protean", "vc1x\vc1x-test-protean.vcxproj", "{41BDA0CB-3049-41E1-9F75-3D915B71EF5B}"
EndProject
Global
	GlobalSection(SolutionConfigurationPlatforms) = preSolution
		vc120 Debug|Win32 = vc120 Debug|Win32
		vc120 Debug|x64 = vc120 Debug|x64
		vc120 Release|Win32 = vc120 Release|Win32
		vc120 Release|x64 = vc120 Release|x64
		vc120 Static Debug|Win32 = vc120 Static Debug|Win32
		vc120 Static Debug|x64 = vc120 Static Debug|x64
		vc120 Static Release|Win32 = vc120 Static Release|Win32
		vc120 Static Release|x64 = vc120 Static Release|x64
		vc140 Debug|Win32 = vc140 Debug|Win32
		vc140 Debug|x64 = vc140 Debug|x64
		vc140 Release|Win32 = vc140 Release|Win32
		vc140 Release|x64 = vc140 Release|x64
		vc140 Static Debug|Win32 = vc140 Static Debug|Win32
		vc140 Static Debug|x64 = vc140 Static Debug|x64
		vc140 Static Release|Win32 = vc140 Static Release|Win32
		vc140 Static Release|x64 = vc140 Static Release|x64
		vc141 Debug|Win32 = vc141 Debug|Win32
		vc141 Debug|x64 = vc141 Debug|x64
		vc141 Release|Win32 = vc141 Release|Win32
		vc141 Release|x64 = vc141 Release|x64
		vc141 Static Debug|Win32 = vc141 Static Debug|Win32
		vc141 Static Debug|x64 = vc141 Static Debug|x64
		vc141 Static Release|Win32 = vc141 Static Release|Win32
		vc141 Static Release|x64 = vc141 Static Release|x64
	EndGlobalSection
	GlobalSection(ProjectConfigurationPlatforms) = postSolution
		{AA074FA4-0F64-4EE6-9397-4EB25B17F4AF}.vc120 Debug|Win32.ActiveCfg = vc120 Debug|Win32
		{AA074FA4-0F64-4EE6-9397-4EB25B17F4AF}.vc120 Debug|Win32.Build.0 = vc120 Debug|Win32
		{AA074FA4-0F64-4EE6-9397-4EB25B17F4AF}.vc120 Debug|x64.ActiveCfg = vc120 Debug|x64
		{AA074FA4-0F64-4EE6-9397-4EB25B17F4AF}.vc120 Debug|x64.Build.0 = vc120 Debug|x64
		{AA074FA4-0F64-4EE6-9397-4EB25B17F4AF}.vc120 Release|Win32.ActiveCfg = vc120 Release|Win32
		{AA074FA4-0F64-4EE6-9397-4EB25B17F4AF}.vc120 Release|Win32.Build.0 = vc120 Release|Win32
		{AA074FA4-0F64-4EE6-9397-4EB25B17F4AF}.vc120 Release|x64.ActiveCfg = vc120 Release|x64
		{AA074FA4-0F64-4EE6-9397-4EB25B17F4AF}.vc120 Release|x64.Build.0 = vc120 Release|x64
		{AA074FA4-0F64-4EE6-9397-4EB25B17F4AF}.vc120 Static Debug|Win32.ActiveCfg = vc120 Static Debug|Win32
		{AA074FA4-0F64-4EE6-9397-4EB25B17F4AF}.vc120 Static Debug|Win32.Build.0 = vc120 Static Debug|Win32
		{AA074FA4-0F64-4EE6-9397-4EB25B17F4AF}.vc120 Static Debug|x64.ActiveCfg = vc120 Static Debug|x64
		{AA074FA4-0F64-4EE6-9397-4EB25B17F4AF}.vc120 Static Debug|x64.Build.0 = vc120 Static Debug|x64
		{AA074FA4-0F64-4EE6-9397-4EB25B17F4AF}.vc120 Static Release|Win32.ActiveCfg = vc120 Static Release|Win32
		{AA074FA4-0F64-4EE6-9397-4EB25B17F4AF}.vc120 Static Release|Win32.Build.0 = vc120 Static Release|Win32
		{AA074FA4-0F64-4EE6-9397-4EB25B17F4AF}.vc120 Static Release|x64.ActiveCfg = vc120 Static Release|x64
		{AA074FA4-0F64-4EE6-9397-4EB25B17F4AF}.vc120 Static Release|x64.Build.0 = vc120 Static Release|x64
		{AA074FA4-0F64-4EE6-9397-4EB25B17F4AF}.vc140 Debug|Win32.ActiveCfg = vc140 Debug|Win32
		{AA074FA4-0F64-4EE6-9397-4EB25B17F4AF}.vc140 Debug|Win32.Build.0 = vc140 Debug|Win32
		{AA074FA4-0F64-4EE6-9397-4EB25B17F4AF}.vc140 Debug|x64.ActiveCfg = vc140 Debug|x64
		{AA074FA4-0F64-4EE6-9397-4EB25B17F4AF}.vc140 Debug|x64.Build.0 = vc140 Debug|x64
		{AA074FA4-0F64-4EE6-9397-4EB25B17F4AF}.vc140 Release|Win32.ActiveCfg = vc140 Release|Win32
		{AA074FA4-0F64-4EE6-9397-4EB25B17F4AF}.vc140 Release|Win32.Build.0 = vc140 Release|Win32
		{AA074FA4-0F64-4EE6-9397-4EB25B17F4AF}.vc140 Release|x64.ActiveCfg = vc140 Release|x64
		{AA074FA4-0F64-4EE6-9397-4EB25B17F4AF}.vc140 Release|x64.Build.0 = vc140 Release|x64
		{AA074FA4-0F64-4EE6-9397-4EB25B17F4AF}.vc140 Static Debug|Win32.ActiveCfg = vc140 Static Debug|Win32
		{AA074FA4-0F64-4EE6-9397-4EB25B17F4AF}.vc140 Static Debug|Win32.Build.0 = vc140 Static Debug|Win32
		{AA074FA4-0F64-4EE6-9397-4EB25B17F4AF}.vc140 Static Debug|x64.ActiveCfg = vc140 Static Debug|x64
		{AA074FA4-0F64-4EE6-9397-4EB25B17F4AF}.vc140 Static Debug|x64.Build.0 = vc140 Static Debug|x64
		{AA074FA4-0F64-4EE6-9397-4EB25B17F4AF}.vc140 Static Release|Win32.ActiveCfg = vc140 Static Release|Win32
		{AA074FA4-0F64-4EE6-9397-4EB25B17F4AF}.vc140 Static Release|Win32.Build.0 = vc140 Static Release|Win32
		{AA074FA4-0F64-4EE6-9397-4EB25B17F4AF}.vc140 Static Release|x64.ActiveCfg = vc140 Static Release|x64
		{AA074FA4-0F64-4EE6-9397-4EB25B17F4AF}.vc140 Static Release|x64.Build.0 = vc140 Static Release|x64
		{AA074FA4-0F64-4EE6-9397-4EB25B17F4AF}.vc141 Debug|Win32.ActiveCfg = vc141 Debug|Win32
		{AA074FA4-0F64-4EE6-9397-4EB25B17F4AF}.vc141 Debug|Win32.Build.0 = vc141 Debug|Win32
		{AA074FA4-0F64-4EE6-9397-4EB25B17F4AF}.vc141 Debug|x64.ActiveCfg = vc141 Debug|x64
		{AA074FA4-0F64-4EE6-9397-4EB25B17F4AF}.vc141 Debug|x64.Build.0 = vc141 Debug|x64
		{AA074FA4-0F64-4EE6-9397-4EB25B17F4AF}.vc141 Release|Win32.ActiveCfg = vc141 Release|Win32
		{AA074FA4-0F64-4EE6-9397-4EB25B17F4AF}.vc141 Release|Win32.Build.0 = vc141 Release|Win32
		{AA074FA4-0F64-4EE6-9397-4EB25B17F4AF}.vc141 Release|x64.ActiveCfg = vc141 Release|x64
		{AA074FA4-0F64-4EE6-9397-4EB25B17F4AF}.vc141 Release|x64.Build.0 = vc141 Release|x64
		{AA074FA4-0F64-4EE6-9397-4EB25B17F4AF}.vc141 Static Debug|Win32.ActiveCfg = vc141 Static Debug|Win32
		{AA074FA4-0F64-4EE6-9397-4EB25B17F4AF}.vc141 Static Debug|Win32.Build.0 = vc141 Static Debug|Win32
		{AA074FA4-0F64-4EE6-9397-4EB25B17F4AF}.vc141 Static Debug|x64.ActiveCfg = vc141 Static Debug|x64
		{AA074FA4-0F64-4EE6-9397-4EB25B17F4AF}.vc141 Static Debug|x64.Build.0 = vc141 Static Debug|x64
		{AA074FA4-0F64-4EE6-9397-4EB25B17F4AF}.vc141 Static Release|Win32.ActiveCfg = vc141 Static Release|Win32
		{AA074FA4-0F64-4EE6-9397-4EB25B17F4AF}.vc141 Static Release|Win32.Build.0 = vc141 Static Release|Win32
		{AA074FA4-0F64-4EE6-9397-4EB25B17F4AF}.vc141 Static Release|x64.ActiveCfg = vc141 Static Release|x64
		{AA074FA4-0F64-4EE6-9397-4EB25B17F4AF}.vc141 Static Release|x64.Build.0 = vc141 Static Release|x64
		{41BDA0CB-3049-41E1-9F75-3D915B71EF5B}.vc120 Debug|Win32.ActiveCfg = vc120 Debug|Win32
		{41BDA0CB-3049-41E1-9F75-3D915B71EF5B}.vc120 Debug|Win32.Build.0 = vc120 Debug|Win32
		{41BDA0CB-3049-41E1-9F75-3D915B71EF5B}.vc120 Debug|x64.ActiveCfg = vc120 Debug|x64
		{41BDA0CB-3049-41E1-9F75-3D915B71EF5B}.vc120 Debug|x64.Build.0 = vc120 Debug|x64
		{41BDA0CB-3049-41E1-9F75-3D915B71EF5B}.vc120 Release|Win32.ActiveCfg = vc120 Release|Win32
		{41BDA0CB-3049-41E1-9F75-3D915B71EF5B}.vc120 Release|Win32.Build.0 = vc120 Release|Win32
		{41BDA0CB-3049-41E1-9F75-3D915B71EF5B}.vc120 Release|x64.ActiveCfg = vc120 Release|x64
		{41BDA0CB-3049-41E1-9F75-3D915B71EF5B}.vc120 Release|x64.Build.0 = vc120 Release|x64
		{41BDA0CB-3049-41E1-9F75-3D915B71EF5B}.vc120 Static Debug|Win32.ActiveCfg = vc120 Static Debug|Win32
		{41BDA0CB-3049-41E1-9F75-3D915B71EF5B}.vc120 Static Debug|Win32.Build.0 = vc120 Static Debug|Win32
		{41BDA0CB-3049-41E1-9F75-3D915B71EF5B}.vc120 Static Debug|x64.ActiveCfg = vc120 Static Debug|x64
		{41BDA0CB-3049-41E1-9F75-3D915B71EF5B}.vc120 Static Debug|x64.Build.0 = vc120 Static Debug|x64
		{41BDA0CB-3049-41E1-9F75-3D915B71EF5B}.vc120 Static Release|Win32.ActiveCfg = vc120 Static Release|Win32
		{41BDA0CB-3049-41E1-9F75-3D915B71EF5B}.vc120 Static Release|Win32.Build.0 = vc120 Static Release|Win32
		{41BDA0CB-3049-41E1-9F75-3D915B71EF5B}.vc120 Static Release|x64.ActiveCfg = vc120 Static Release|x64
		{41BDA0CB-3049-41E1-9F75-3D915B71EF5B}.vc120 Static Release|x64.Build.0 = vc120 Static Release|x64
		{41BDA0CB-3049-41E1-9F75-3D915B71EF5B}.vc140 Debug|Win32.ActiveCfg = vc140 Debug|Win32
		{41BDA0CB-3049-41E1-9F75-3D915B71EF5B}.vc140 Debug|Win32.Build.0 = vc140 Debug|Win32
		{41BDA0CB-3049-41E1-9F75-3D915B71EF5B}.vc140 Debug|x64.ActiveCfg = vc140 Debug|x64
		{41BDA0CB-3049-41E1-9F75-3D915B71EF5B}.vc140 Debug|x64.Build.0 = vc140 Debug|x64
		{41BDA0CB-3049-41E1-9F75-3D915B71EF5B}.vc140 Release|Win32.ActiveCfg = vc140 Release|Win32
		{41BDA0CB-3049-41E1-9F75-3D915B71EF5B}.vc140 Release|Win32.Build.0 = vc140 Release|Win32
		{41BDA0CB-3049-41E1-9F75-3D915B71EF5B}.vc140 Release|x64.ActiveCfg = vc140 Release|x64
		{41BDA0CB-3049-41E1-9F75-3D915B71EF5B}.vc140 Release|x64.Build.0 = vc140 Release|x64
		{41BDA0CB-3049-41E1-9F75-3D915B71EF5B}.vc140 Static Debug|Win32.ActiveCfg = vc140 Static Debug|Win32
		{41BDA0CB-3049-41E1-9F75-3D915B71EF5B}.vc140 Static Debug|Win32.Build.0 = vc140 Static Debug|Win32
		{41BDA0CB-3049-41E1-9F75-3D915B71EF5B}.vc140 Static Debug|x64.ActiveCfg = vc140 Static Debug|x64
		{41BDA0CB-3049-41E1-9F75-3D915B71EF5B}.vc140 Static Debug|x64.Build.0 = vc140 Static Debug|x64
		{41BDA0CB-3049-41E1-9F75-3D915B71EF5B}.vc140 Static Release|Win32.ActiveCfg = vc140 Static Release|Win32
		{41BDA0CB-3049-41E1-9F75-3D915B71EF5B}.vc140 Static Release|Win32.Build.0 = vc140 Static Release|Win32
		{41BDA0CB-3049-41E1-9F75-3D915B71EF5B}.vc140 Static Release|x64.ActiveCfg = vc140 Static Release|x64
		{41BDA0CB-3049-41E1-9F75-3D915B71EF5B}.vc140 Static Release|x64.Build.0 = vc140 Static Release|x64
		{41BDA0CB-3049-41E1-9F75-3D915B71EF5B}.vc141 Debug|Win32.ActiveCfg = vc141 Debug|Win32
		{41BDA0CB-3049-41E1-9F75-3D915B71EF5B}.vc141 Debug|Win32.Build.0 = vc141 Debug|Win32
		{41BDA0CB-3049-41E1-9F75-3D915B71EF5B}.vc141 Debug|x64.ActiveCfg = vc141 Debug|x64
		{41BDA0CB-3049-41E1-9F75-3D915B71EF5B}.vc141 Debug|x64.Build.0 = vc141 Debug|x64
		{41BDA0CB-3049-41E1-9F75-3D915B71EF5B}.vc141 Release|Win32.ActiveCfg = vc141 Release|Win32
		{41BDA0CB-3049-41E1-9F75-3D915B71EF5B}.vc141 Release|Win32.Build.0 = vc141 Release|Win32
		{41BDA0CB-3049-41E1-9F75-3D915B71EF5B}.vc141 Release|x64.ActiveCfg = vc141 Release|x64
		{41BDA0CB-3049-41E1-9F75-3D915B71EF5B}.vc141 Release|x64.Build.0 = vc141 Release|x64
		{41BDA0CB-3049-41E1-9F75-3D915B71EF5B}.vc141 Static Debug|Win32.ActiveCfg = vc141 Static Debug|Win32
		{41BDA0CB-3049-41E1-9F75-3D915B71EF5B}.vc141 Static Debug|Win32.Build.0 = vc141 Static Debug|Win32
		{41BDA0CB-3049-41E1-9F75-3D915B71EF5B}.vc141 Static Debug|x64.ActiveCfg = vc141 Static Debug|x64
		{41BDA0CB-3049-41E1-9F75-3D915B71EF5B}.vc141 Static Debug|x64.Build.0 = vc141 Static Debug|x64
		{41BDA0CB-3049-41E1-9F75-3D915B71EF5B}.vc141 Static Release|Win32.ActiveCfg = vc141 Static Release|Win32
		{41BDA0CB-3049-41E1-9F75-3D915B71EF5B}.vc141 Static Release|Win32.Build.0 = vc141 Static Release|Win32
		{41BDA0CB-3049-41E1-9F75-3D915B71EF5B}.vc141 Static Release|x64.ActiveCfg = vc141 Static Release|x64
		{41BDA0CB-3049-41E1-9F75-3D915B71EF5B}.vc141 Static Release|x64.Build.0 = vc141 Static Release|x64
	EndGlobalSection
	GlobalSection(SolutionProperties) = preSolution
		HideSolutionNode = FALSE
	EndGlobalSection
	GlobalSection(ExtensibilityGlobals) = postSolution
		SolutionGuid = {25F568F1-AB68-48D0-9AB0-17D00BB45233}
	EndGlobalSection
EndGlobal
