
Microsoft Visual Studio Solution File, Format Version 12.00
# Visual Studio 2012
Project("{8BC9CEB8-8B4A-11D0-8D11-00A0C91BC942}") = "vc1x-protean", "vc1x\vc1x-protean.vcxproj", "{AA074FA4-0F64-4EE6-9397-4EB25B17F4AF}"
EndProject
Project("{8BC9CEB8-8B4A-11D0-8D11-00A0C91BC942}") = "vc1x-test-protean", "vc1x\vc1x-test-protean.vcxproj", "{41BDA0CB-3049-41E1-9F75-3D915B71EF5B}"
EndProject
Project("{FAE04EC0-301F-11D3-BF4B-00C04F79EFBC}") = "vc1x-protean.net", "vc1x\vc1x-protean.net.csproj", "{007B367A-C2DD-4DDD-A702-44B40B8C09A1}"
EndProject
Project("{FAE04EC0-301F-11D3-BF4B-00C04F79EFBC}") = "vc1x-test-protean.net ", "vc1x\vc1x-test-protean.net.csproj", "{867F4343-F062-4937-BD8E-2C00F64AB160}"
EndProject
Global
	GlobalSection(SolutionConfigurationPlatforms) = preSolution
		Debug|Win32 = Debug|Win32
		Debug|x64 = Debug|x64
		Release|Win32 = Release|Win32
		Release|x64 = Release|x64
		Static Debug|Win32 = Static Debug|Win32
		Static Debug|x64 = Static Debug|x64
		Static Release|Win32 = Static Release|Win32
		Static Release|x64 = Static Release|x64
	EndGlobalSection
	GlobalSection(ProjectConfigurationPlatforms) = postSolution
		{AA074FA4-0F64-4EE6-9397-4EB25B17F4AF}.Debug|Win32.ActiveCfg = Debug|Win32
		{AA074FA4-0F64-4EE6-9397-4EB25B17F4AF}.Debug|Win32.Build.0 = Debug|Win32
		{AA074FA4-0F64-4EE6-9397-4EB25B17F4AF}.Debug|x64.ActiveCfg = Debug|x64
		{AA074FA4-0F64-4EE6-9397-4EB25B17F4AF}.Debug|x64.Build.0 = Debug|x64
		{AA074FA4-0F64-4EE6-9397-4EB25B17F4AF}.Release|Win32.ActiveCfg = Release|Win32
		{AA074FA4-0F64-4EE6-9397-4EB25B17F4AF}.Release|Win32.Build.0 = Release|Win32
		{AA074FA4-0F64-4EE6-9397-4EB25B17F4AF}.Release|x64.ActiveCfg = Release|x64
		{AA074FA4-0F64-4EE6-9397-4EB25B17F4AF}.Release|x64.Build.0 = Release|x64
		{AA074FA4-0F64-4EE6-9397-4EB25B17F4AF}.Static Debug|Win32.ActiveCfg = Static Debug|Win32
		{AA074FA4-0F64-4EE6-9397-4EB25B17F4AF}.Static Debug|Win32.Build.0 = Static Debug|Win32
		{AA074FA4-0F64-4EE6-9397-4EB25B17F4AF}.Static Debug|x64.ActiveCfg = Static Debug|x64
		{AA074FA4-0F64-4EE6-9397-4EB25B17F4AF}.Static Debug|x64.Build.0 = Static Debug|x64
		{AA074FA4-0F64-4EE6-9397-4EB25B17F4AF}.Static Release|Win32.ActiveCfg = Static Release|Win32
		{AA074FA4-0F64-4EE6-9397-4EB25B17F4AF}.Static Release|Win32.Build.0 = Static Release|Win32
		{AA074FA4-0F64-4EE6-9397-4EB25B17F4AF}.Static Release|x64.ActiveCfg = Static Release|x64
		{AA074FA4-0F64-4EE6-9397-4EB25B17F4AF}.Static Release|x64.Build.0 = Static Release|x64
		{41BDA0CB-3049-41E1-9F75-3D915B71EF5B}.Debug|Win32.ActiveCfg = Debug|Win32
		{41BDA0CB-3049-41E1-9F75-3D915B71EF5B}.Debug|Win32.Build.0 = Debug|Win32
		{41BDA0CB-3049-41E1-9F75-3D915B71EF5B}.Debug|x64.ActiveCfg = Debug|x64
		{41BDA0CB-3049-41E1-9F75-3D915B71EF5B}.Debug|x64.Build.0 = Debug|x64
		{41BDA0CB-3049-41E1-9F75-3D915B71EF5B}.Release|Win32.ActiveCfg = Release|Win32
		{41BDA0CB-3049-41E1-9F75-3D915B71EF5B}.Release|Win32.Build.0 = Release|Win32
		{41BDA0CB-3049-41E1-9F75-3D915B71EF5B}.Release|x64.ActiveCfg = Release|x64
		{41BDA0CB-3049-41E1-9F75-3D915B71EF5B}.Release|x64.Build.0 = Release|x64
		{41BDA0CB-3049-41E1-9F75-3D915B71EF5B}.Static Debug|Win32.ActiveCfg = Static Debug|Win32
		{41BDA0CB-3049-41E1-9F75-3D915B71EF5B}.Static Debug|Win32.Build.0 = Static Debug|Win32
		{41BDA0CB-3049-41E1-9F75-3D915B71EF5B}.Static Debug|x64.ActiveCfg = Static Debug|x64
		{41BDA0CB-3049-41E1-9F75-3D915B71EF5B}.Static Debug|x64.Build.0 = Static Debug|x64
		{41BDA0CB-3049-41E1-9F75-3D915B71EF5B}.Static Release|Win32.ActiveCfg = Static Release|Win32
		{41BDA0CB-3049-41E1-9F75-3D915B71EF5B}.Static Release|Win32.Build.0 = Static Release|Win32
		{41BDA0CB-3049-41E1-9F75-3D915B71EF5B}.Static Release|x64.ActiveCfg = Static Release|x64
		{41BDA0CB-3049-41E1-9F75-3D915B71EF5B}.Static Release|x64.Build.0 = Static Release|x64
		{007B367A-C2DD-4DDD-A702-44B40B8C09A1}.Debug|Win32.ActiveCfg = Debug|Win32
		{007B367A-C2DD-4DDD-A702-44B40B8C09A1}.Debug|Win32.Build.0 = Debug|Win32
		{007B367A-C2DD-4DDD-A702-44B40B8C09A1}.Debug|x64.ActiveCfg = Debug|x64
		{007B367A-C2DD-4DDD-A702-44B40B8C09A1}.Debug|x64.Build.0 = Debug|x64
		{007B367A-C2DD-4DDD-A702-44B40B8C09A1}.Release|Win32.ActiveCfg = Release|Win32
		{007B367A-C2DD-4DDD-A702-44B40B8C09A1}.Release|Win32.Build.0 = Release|Win32
		{007B367A-C2DD-4DDD-A702-44B40B8C09A1}.Release|x64.ActiveCfg = Release|x64
		{007B367A-C2DD-4DDD-A702-44B40B8C09A1}.Release|x64.Build.0 = Release|x64
		{007B367A-C2DD-4DDD-A702-44B40B8C09A1}.Static Debug|Win32.ActiveCfg = Static Debug|Win32
		{007B367A-C2DD-4DDD-A702-44B40B8C09A1}.Static Debug|Win32.Build.0 = Static Debug|Win32
		{007B367A-C2DD-4DDD-A702-44B40B8C09A1}.Static Debug|x64.ActiveCfg = Static Debug|x64
		{007B367A-C2DD-4DDD-A702-44B40B8C09A1}.Static Debug|x64.Build.0 = Static Debug|x64
		{007B367A-C2DD-4DDD-A702-44B40B8C09A1}.Static Release|Win32.ActiveCfg = Static Release|Win32
		{007B367A-C2DD-4DDD-A702-44B40B8C09A1}.Static Release|Win32.Build.0 = Static Release|Win32
		{007B367A-C2DD-4DDD-A702-44B40B8C09A1}.Static Release|x64.ActiveCfg = Static Release|x64
		{007B367A-C2DD-4DDD-A702-44B40B8C09A1}.Static Release|x64.Build.0 = Static Release|x64
		{867F4343-F062-4937-BD8E-2C00F64AB160}.Debug|Win32.ActiveCfg = Debug|Win32
		{867F4343-F062-4937-BD8E-2C00F64AB160}.Debug|Win32.Build.0 = Debug|Win32
		{867F4343-F062-4937-BD8E-2C00F64AB160}.Debug|x64.ActiveCfg = Debug|x64
		{867F4343-F062-4937-BD8E-2C00F64AB160}.Debug|x64.Build.0 = Debug|x64
		{867F4343-F062-4937-BD8E-2C00F64AB160}.Release|Win32.ActiveCfg = Release|Win32
		{867F4343-F062-4937-BD8E-2C00F64AB160}.Release|Win32.Build.0 = Release|Win32
		{867F4343-F062-4937-BD8E-2C00F64AB160}.Release|x64.ActiveCfg = Release|x64
		{867F4343-F062-4937-BD8E-2C00F64AB160}.Release|x64.Build.0 = Release|x64
		{867F4343-F062-4937-BD8E-2C00F64AB160}.Static Debug|Win32.ActiveCfg = Static Debug|Win32
		{867F4343-F062-4937-BD8E-2C00F64AB160}.Static Debug|Win32.Build.0 = Static Debug|Win32
		{867F4343-F062-4937-BD8E-2C00F64AB160}.Static Debug|x64.ActiveCfg = Static Debug|x64
		{867F4343-F062-4937-BD8E-2C00F64AB160}.Static Debug|x64.Build.0 = Static Debug|x64
		{867F4343-F062-4937-BD8E-2C00F64AB160}.Static Release|Win32.ActiveCfg = Static Release|Win32
		{867F4343-F062-4937-BD8E-2C00F64AB160}.Static Release|Win32.Build.0 = Static Release|Win32
		{867F4343-F062-4937-BD8E-2C00F64AB160}.Static Release|x64.ActiveCfg = Static Release|x64
		{867F4343-F062-4937-BD8E-2C00F64AB160}.Static Release|x64.Build.0 = Static Release|x64
	EndGlobalSection
	GlobalSection(SolutionProperties) = preSolution
		HideSolutionNode = FALSE
	EndGlobalSection
EndGlobal
