<?xml version="1.0" encoding="utf-8"?>
<Project ToolsVersion="4.0" xmlns="http://schemas.microsoft.com/developer/msbuild/2003">
  <ItemGroup>
    <ClCompile Include="..\..\src\array_iterator.cpp">
      <Filter>Source Files</Filter>
    </ClCompile>
    <ClCompile Include="..\..\src\bag.cpp">
      <Filter>Source Files</Filter>
    </ClCompile>
    <ClCompile Include="..\..\src\binary_reader.cpp">
      <Filter>Source Files</Filter>
    </ClCompile>
    <ClCompile Include="..\..\src\binary_writer.cpp">
      <Filter>Source Files</Filter>
    </ClCompile>
    <ClCompile Include="..\..\src\buffer.cpp">
      <Filter>Source Files</Filter>
    </ClCompile>
    <ClCompile Include="..\..\src\hash.cpp">
      <Filter>Source Files</Filter>
    </ClCompile>
    <ClCompile Include="..\..\src\list.cpp">
      <Filter>Source Files</Filter>
    </ClCompile>
    <ClCompile Include="..\..\src\object.cpp">
      <Filter>Source Files</Filter>
    </ClCompile>
    <ClCompile Include="..\..\src\object_factory.cpp">
      <Filter>Source Files</Filter>
    </ClCompile>
    <ClCompile Include="..\..\src\object_proxy.cpp">
      <Filter>Source Files</Filter>
    </ClCompile>
    <ClCompile Include="..\..\src\string.cpp">
      <Filter>Source Files</Filter>
    </ClCompile>
    <ClCompile Include="..\..\src\timeseries.cpp">
      <Filter>Source Files</Filter>
    </ClCompile>
    <ClCompile Include="..\..\src\tuple.cpp">
      <Filter>Source Files</Filter>
    </ClCompile>
    <ClCompile Include="..\..\src\typed_array.cpp">
      <Filter>Source Files</Filter>
    </ClCompile>
    <ClCompile Include="..\..\src\variant.cpp">
      <Filter>Source Files</Filter>
    </ClCompile>
    <ClCompile Include="..\..\src\variant_base.cpp">
      <Filter>Source Files</Filter>
    </ClCompile>
    <ClCompile Include="..\..\src\variant_iterator.cpp">
      <Filter>Source Files</Filter>
    </ClCompile>
    <ClCompile Include="..\..\src\variant_ref.cpp">
      <Filter>Source Files</Filter>
    </ClCompile>
    <ClCompile Include="..\..\src\xml_reader.cpp">
      <Filter>Source Files</Filter>
    </ClCompile>
    <ClCompile Include="..\..\src\xml_writer.cpp">
      <Filter>Source Files</Filter>
    </ClCompile>
    <ClCompile Include="..\..\src\exception_data.cpp">
      <Filter>Source Files</Filter>
    </ClCompile>
    <ClCompile Include="..\..\src\dictionary.cpp">
      <Filter>Source Files</Filter>
    </ClCompile>
    <ClCompile Include="..\..\src\xml_default_handler.cpp">
      <Filter>Source Files</Filter>
    </ClCompile>
    <ClCompile Include="..\..\src\xml_handler_base.cpp">
      <Filter>Source Files</Filter>
    </ClCompile>
    <ClCompile Include="..\..\src\xml_preserve_handler.cpp">
      <Filter>Source Files</Filter>
    </ClCompile>
    <ClCompile Include="..\..\src\xml_utility.cpp">
      <Filter>Source Files</Filter>
    </ClCompile>
    <ClCompile Include="..\..\src\xml_writer_impl.cpp">
      <Filter>Source Files</Filter>
    </ClCompile>
  </ItemGroup>
  <ItemGroup>
    <ClInclude Include="..\..\protean\array_iterator.hpp">
      <Filter>Header Files</Filter>
    </ClInclude>
    <ClInclude Include="..\..\protean\xml_writer.hpp">
      <Filter>Header Files</Filter>
    </ClInclude>
    <ClInclude Include="..\..\protean\binary_reader.hpp">
      <Filter>Header Files</Filter>
    </ClInclude>
    <ClInclude Include="..\..\protean\binary_writer.hpp">
      <Filter>Header Files</Filter>
    </ClInclude>
    <ClInclude Include="..\..\protean\config.hpp">
      <Filter>Header Files</Filter>
    </ClInclude>
    <ClInclude Include="..\..\protean\exception_data.hpp">
      <Filter>Header Files</Filter>
    </ClInclude>
    <ClInclude Include="..\..\protean\handle.hpp">
      <Filter>Header Files</Filter>
    </ClInclude>
    <ClInclude Include="..\..\protean\detail\hash.hpp">
      <Filter>Header Files</Filter>
    </ClInclude>
    <ClInclude Include="..\..\protean\object.hpp">
      <Filter>Header Files</Filter>
    </ClInclude>
    <ClInclude Include="..\..\protean\object_factory.hpp">
      <Filter>Header Files</Filter>
    </ClInclude>
    <ClInclude Include="..\..\protean\object_proxy.hpp">
      <Filter>Header Files</Filter>
    </ClInclude>
    <ClInclude Include="..\..\protean\typed_array.hpp">
      <Filter>Header Files</Filter>
    </ClInclude>
    <ClInclude Include="..\..\protean\variant.hpp">
      <Filter>Header Files</Filter>
    </ClInclude>
    <ClInclude Include="..\..\protean\variant_base.hpp">
      <Filter>Header Files</Filter>
    </ClInclude>
    <ClInclude Include="..\..\protean\variant_error.hpp">
      <Filter>Header Files</Filter>
    </ClInclude>
    <ClInclude Include="..\..\protean\variant_iterator.hpp">
      <Filter>Header Files</Filter>
    </ClInclude>
    <ClInclude Include="..\..\protean\variant_ref.hpp">
      <Filter>Header Files</Filter>
    </ClInclude>
    <ClInclude Include="..\..\protean\version.hpp">
      <Filter>Header Files</Filter>
    </ClInclude>
    <ClInclude Include="..\..\protean\xml_reader.hpp">
      <Filter>Header Files</Filter>
    </ClInclude>
    <ClInclude Include="..\..\protean\config\auto_link.hpp">
      <Filter>Header Files\config</Filter>
    </ClInclude>
    <ClInclude Include="..\..\protean\detail\bag.hpp">
      <Filter>Header Files\detail</Filter>
    </ClInclude>
    <ClInclude Include="..\..\protean\detail\bag_iterator.hpp">
      <Filter>Header Files\detail</Filter>
    </ClInclude>
    <ClInclude Include="..\..\protean\detail\collection.hpp">
      <Filter>Header Files\detail</Filter>
    </ClInclude>
    <ClInclude Include="..\..\protean\detail\dictionary.hpp">
      <Filter>Header Files\detail</Filter>
    </ClInclude>
    <ClInclude Include="..\..\protean\detail\dictionary_iterator.hpp">
      <Filter>Header Files\detail</Filter>
    </ClInclude>
    <ClInclude Include="..\..\protean\detail\list.hpp">
      <Filter>Header Files\detail</Filter>
    </ClInclude>
    <ClInclude Include="..\..\protean\detail\list_iterator.hpp">
      <Filter>Header Files\detail</Filter>
    </ClInclude>
    <ClInclude Include="..\..\protean\detail\mapping.hpp">
      <Filter>Header Files\detail</Filter>
    </ClInclude>
    <ClInclude Include="..\..\protean\detail\ref_counted.hpp">
      <Filter>Header Files\detail</Filter>
    </ClInclude>
    <ClInclude Include="..\..\protean\detail\sequence.hpp">
      <Filter>Header Files\detail</Filter>
    </ClInclude>
    <ClInclude Include="..\..\protean\detail\string.hpp">
      <Filter>Header Files\detail</Filter>
    </ClInclude>
    <ClInclude Include="..\..\protean\detail\tuple.hpp">
      <Filter>Header Files\detail</Filter>
    </ClInclude>
    <ClInclude Include="..\..\protean\detail\timeseries_iterator.hpp">
      <Filter>Header Files\detail</Filter>
    </ClInclude>
    <ClInclude Include="..\..\protean\detail\timeseries.hpp">
      <Filter>Header Files\detail</Filter>
    </ClInclude>
    <ClInclude Include="..\..\protean\detail\tuple_iterator.hpp">
      <Filter>Header Files\detail</Filter>
    </ClInclude>
    <ClInclude Include="..\..\protean\detail\variant_impl.hpp">
      <Filter>Header Files\detail</Filter>
    </ClInclude>
    <ClInclude Include="..\..\protean\detail\variant_macros_define.hpp">
      <Filter>Header Files\detail</Filter>
    </ClInclude>
    <ClInclude Include="..\..\protean\detail\variant_macros_undef.hpp">
      <Filter>Header Files\detail</Filter>
    </ClInclude>
    <ClInclude Include="..\..\protean\detail\dummy_iterator.hpp">
      <Filter>Header Files\detail</Filter>
    </ClInclude>
    <ClInclude Include="..\..\protean\detail\buffer.hpp">
      <Filter>Header Files\detail</Filter>
    </ClInclude>
    <ClInclude Include="..\..\protean\detail\scoped_xmlch.hpp">
      <Filter>Header Files\detail</Filter>
    </ClInclude>
    <ClInclude Include="..\..\protean\detail\xerces_include.hpp">
      <Filter>Header Files\detail</Filter>
    </ClInclude>
    <ClInclude Include="..\..\protean\binary_common.hpp">
      <Filter>Header Files</Filter>
    </ClInclude>
    <ClInclude Include="..\..\protean\xml_common.hpp">
      <Filter>Header Files</Filter>
    </ClInclude>
    <ClInclude Include="..\..\protean\detail\xml_default_handler.hpp">
      <Filter>Header Files\detail</Filter>
    </ClInclude>
    <ClInclude Include="..\..\protean\detail\xml_handler_base.hpp">
      <Filter>Header Files\detail</Filter>
    </ClInclude>
    <ClInclude Include="..\..\protean\detail\xml_preserve_handler.hpp">
      <Filter>Header Files\detail</Filter>
    </ClInclude>
    <ClInclude Include="..\..\protean\detail\xml_utility.hpp">
      <Filter>Header Files\detail</Filter>
    </ClInclude>
    <ClInclude Include="..\..\protean\detail\xml_writer_impl.hpp">
      <Filter>Header Files\detail</Filter>
    </ClInclude>
  </ItemGroup>
  <ItemGroup>
    <None Include="..\..\protean\handle.ipp">
      <Filter>Header Files</Filter>
    </None>
    <None Include="..\..\protean\variant.ipp">
      <Filter>Header Files</Filter>
    </None>
  </ItemGroup>
  <ItemGroup>
    <Filter Include="Header Files">
      <UniqueIdentifier>{09dfd639-6054-451b-a073-ecd698beeb8b}</UniqueIdentifier>
    </Filter>
    <Filter Include="Source Files">
      <UniqueIdentifier>{0f5f02ab-9855-4149-a346-31f4b81cb197}</UniqueIdentifier>
    </Filter>
    <Filter Include="Header Files\detail">
      <UniqueIdentifier>{b85cac75-9607-4b67-a045-3472f8f2b014}</UniqueIdentifier>
    </Filter>
    <Filter Include="Header Files\config">
      <UniqueIdentifier>{3c16a781-4905-4b01-ad19-47e9ecc69858}</UniqueIdentifier>
    </Filter>
  </ItemGroup>
</Project>